
Microsoft Visual Studio Solution File, Format Version 12.00
# Visual Studio 15
VisualStudioVersion = 15.0.28307.1062
MinimumVisualStudioVersion = 10.0.40219.1
Project("{FAE04EC0-301F-11D3-BF4B-00C04F79EFBC}") = "Locaris.LJKDev_Asp.NetStudy.DAL", "Locaris.LJKDev_Asp.NetStudy.DAL\Locaris.LJKDev_Asp.NetStudy.DAL.csproj", "{A2E83CA8-89CD-4323-B6CE-A838A3E72DC8}"
EndProject
Project("{FAE04EC0-301F-11D3-BF4B-00C04F79EFBC}") = "Locaris.LJKDev_Asp.NetStudy.BLL", "Locaris.LJKDev_Asp.NetStudy.BLL\Locaris.LJKDev_Asp.NetStudy.BLL.csproj", "{1FDF9A6E-4374-4CF0-9F3C-B849490CB901}"
EndProject
Project("{FAE04EC0-301F-11D3-BF4B-00C04F79EFBC}") = "Locaris.LJKDev_Asp.NetStudy.Model", "Locaris.LJKDev_Asp.NetStudy.Model\Locaris.LJKDev_Asp.NetStudy.Model.csproj", "{9B9053DD-0757-4186-8350-40B245C15CB8}"
EndProject
Project("{FAE04EC0-301F-11D3-BF4B-00C04F79EFBC}") = "Locaris.LJKDev_Asp.NetStudy.WebApp", "Locaris.LJKDev_Asp.NetStudy.WebApp\Locaris.LJKDev_Asp.NetStudy.WebApp.csproj", "{BFE1AA16-DB79-4CEF-95EE-7608E8A05373}"
EndProject
Global
	GlobalSection(SolutionConfigurationPlatforms) = preSolution
		Debug|Any CPU = Debug|Any CPU
		Release|Any CPU = Release|Any CPU
	EndGlobalSection
	GlobalSection(ProjectConfigurationPlatforms) = postSolution
		{A2E83CA8-89CD-4323-B6CE-A838A3E72DC8}.Debug|Any CPU.ActiveCfg = Debug|Any CPU
		{A2E83CA8-89CD-4323-B6CE-A838A3E72DC8}.Debug|Any CPU.Build.0 = Debug|Any CPU
		{A2E83CA8-89CD-4323-B6CE-A838A3E72DC8}.Release|Any CPU.ActiveCfg = Release|Any CPU
		{A2E83CA8-89CD-4323-B6CE-A838A3E72DC8}.Release|Any CPU.Build.0 = Release|Any CPU
		{1FDF9A6E-4374-4CF0-9F3C-B849490CB901}.Debug|Any CPU.ActiveCfg = Debug|Any CPU
		{1FDF9A6E-4374-4CF0-9F3C-B849490CB901}.Debug|Any CPU.Build.0 = Debug|Any CPU
		{1FDF9A6E-4374-4CF0-9F3C-B849490CB901}.Release|Any CPU.ActiveCfg = Release|Any CPU
		{1FDF9A6E-4374-4CF0-9F3C-B849490CB901}.Release|Any CPU.Build.0 = Release|Any CPU
		{9B9053DD-0757-4186-8350-40B245C15CB8}.Debug|Any CPU.ActiveCfg = Debug|Any CPU
		{9B9053DD-0757-4186-8350-40B245C15CB8}.Debug|Any CPU.Build.0 = Debug|Any CPU
		{9B9053DD-0757-4186-8350-40B245C15CB8}.Release|Any CPU.ActiveCfg = Release|Any CPU
		{9B9053DD-0757-4186-8350-40B245C15CB8}.Release|Any CPU.Build.0 = Release|Any CPU
		{BFE1AA16-DB79-4CEF-95EE-7608E8A05373}.Debug|Any CPU.ActiveCfg = Debug|Any CPU
		{BFE1AA16-DB79-4CEF-95EE-7608E8A05373}.Debug|Any CPU.Build.0 = Debug|Any CPU
		{BFE1AA16-DB79-4CEF-95EE-7608E8A05373}.Release|Any CPU.ActiveCfg = Release|Any CPU
		{BFE1AA16-DB79-4CEF-95EE-7608E8A05373}.Release|Any CPU.Build.0 = Release|Any CPU
	EndGlobalSection
	GlobalSection(SolutionProperties) = preSolution
		HideSolutionNode = FALSE
	EndGlobalSection
	GlobalSection(ExtensibilityGlobals) = postSolution
		SolutionGuid = {26B37327-F34D-4B5B-8BB1-798569E921C9}
	EndGlobalSection
EndGlobal
